
Microsoft Visual Studio Solution File, Format Version 12.00
# Visual Studio Version 17
VisualStudioVersion = 17.5.33502.453
MinimumVisualStudioVersion = 10.0.40219.1
Project("{8BC9CEB8-8B4A-11D0-8D11-00A0C91BC942}") = "ParadigmaOOP_125", "ParadigmaOOP_125\ParadigmaOOP_125.vcxproj", "{693D67C7-1027-471A-92E2-BCBEC1413287}"
EndProject
Project("{8BC9CEB8-8B4A-11D0-8D11-00A0C91BC942}") = "asosiasi.cpp", "asosiasi.cpp\asosiasi.cpp.vcxproj", "{0A91AE17-720C-42FC-91DA-5D3A5812101A}"
EndProject
Project("{8BC9CEB8-8B4A-11D0-8D11-00A0C91BC942}") = "mainIA.cpp", "mainIA.cpp\mainIA.cpp.vcxproj", "{F2370474-D509-429F-8C92-CB17F63BE270}"
EndProject
Project("{8BC9CEB8-8B4A-11D0-8D11-00A0C91BC942}") = "mainJM.cpp", "mainJM.cpp\mainJM.cpp.vcxproj", "{82C2D67F-9E99-4BE7-819F-81307D55705A}"
EndProject
Global
	GlobalSection(SolutionConfigurationPlatforms) = preSolution
		Debug|x64 = Debug|x64
		Debug|x86 = Debug|x86
		Release|x64 = Release|x64
		Release|x86 = Release|x86
	EndGlobalSection
	GlobalSection(ProjectConfigurationPlatforms) = postSolution
		{693D67C7-1027-471A-92E2-BCBEC1413287}.Debug|x64.ActiveCfg = Debug|x64
		{693D67C7-1027-471A-92E2-BCBEC1413287}.Debug|x64.Build.0 = Debug|x64
		{693D67C7-1027-471A-92E2-BCBEC1413287}.Debug|x86.ActiveCfg = Debug|Win32
		{693D67C7-1027-471A-92E2-BCBEC1413287}.Debug|x86.Build.0 = Debug|Win32
		{693D67C7-1027-471A-92E2-BCBEC1413287}.Release|x64.ActiveCfg = Release|x64
		{693D67C7-1027-471A-92E2-BCBEC1413287}.Release|x64.Build.0 = Release|x64
		{693D67C7-1027-471A-92E2-BCBEC1413287}.Release|x86.ActiveCfg = Release|Win32
		{693D67C7-1027-471A-92E2-BCBEC1413287}.Release|x86.Build.0 = Release|Win32
		{0A91AE17-720C-42FC-91DA-5D3A5812101A}.Debug|x64.ActiveCfg = Debug|x64
		{0A91AE17-720C-42FC-91DA-5D3A5812101A}.Debug|x64.Build.0 = Debug|x64
		{0A91AE17-720C-42FC-91DA-5D3A5812101A}.Debug|x86.ActiveCfg = Debug|Win32
		{0A91AE17-720C-42FC-91DA-5D3A5812101A}.Debug|x86.Build.0 = Debug|Win32
		{0A91AE17-720C-42FC-91DA-5D3A5812101A}.Release|x64.ActiveCfg = Release|x64
		{0A91AE17-720C-42FC-91DA-5D3A5812101A}.Release|x64.Build.0 = Release|x64
		{0A91AE17-720C-42FC-91DA-5D3A5812101A}.Release|x86.ActiveCfg = Release|Win32
		{0A91AE17-720C-42FC-91DA-5D3A5812101A}.Release|x86.Build.0 = Release|Win32
		{F2370474-D509-429F-8C92-CB17F63BE270}.Debug|x64.ActiveCfg = Debug|x64
		{F2370474-D509-429F-8C92-CB17F63BE270}.Debug|x64.Build.0 = Debug|x64
		{F2370474-D509-429F-8C92-CB17F63BE270}.Debug|x86.ActiveCfg = Debug|Win32
		{F2370474-D509-429F-8C92-CB17F63BE270}.Debug|x86.Build.0 = Debug|Win32
		{F2370474-D509-429F-8C92-CB17F63BE270}.Release|x64.ActiveCfg = Release|x64
		{F2370474-D509-429F-8C92-CB17F63BE270}.Release|x64.Build.0 = Release|x64
		{F2370474-D509-429F-8C92-CB17F63BE270}.Release|x86.ActiveCfg = Release|Win32
		{F2370474-D509-429F-8C92-CB17F63BE270}.Release|x86.Build.0 = Release|Win32
		{82C2D67F-9E99-4BE7-819F-81307D55705A}.Debug|x64.ActiveCfg = Debug|x64
		{82C2D67F-9E99-4BE7-819F-81307D55705A}.Debug|x64.Build.0 = Debug|x64
		{82C2D67F-9E99-4BE7-819F-81307D55705A}.Debug|x86.ActiveCfg = Debug|Win32
		{82C2D67F-9E99-4BE7-819F-81307D55705A}.Debug|x86.Build.0 = Debug|Win32
		{82C2D67F-9E99-4BE7-819F-81307D55705A}.Release|x64.ActiveCfg = Release|x64
		{82C2D67F-9E99-4BE7-819F-81307D55705A}.Release|x64.Build.0 = Release|x64
		{82C2D67F-9E99-4BE7-819F-81307D55705A}.Release|x86.ActiveCfg = Release|Win32
		{82C2D67F-9E99-4BE7-819F-81307D55705A}.Release|x86.Build.0 = Release|Win32
	EndGlobalSection
	GlobalSection(SolutionProperties) = preSolution
		HideSolutionNode = FALSE
	EndGlobalSection
	GlobalSection(ExtensibilityGlobals) = postSolution
		SolutionGuid = {5685E5B0-9CCE-4D18-A9F6-86A06756771A}
	EndGlobalSection
EndGlobal
